{
  "nodes": {
    "nixpkgs": {
      "locked": {
        "lastModified": 1747413287,
        "narHash": "sha256-hOnqJr0tZBERWa29JWf9B3/8qr82mlt/UlKPvS7iYzA=",
        "owner": "NixOS",
        "repo": "nixpkgs",
        "rev": "b965e4c283060415956ccd39eee4ca34a6a56cf8",
        "type": "github"
      },
      "original": {
        "id": "nixpkgs",
        "ref": "nixos-unstable-small",
        "type": "indirect"
      }
    },
    "root": {
      "inputs": {
        "nixpkgs": "nixpkgs"
      }
    }
  },
  "root": "root",
  "version": 7
}
